
Microsoft Visual Studio Solution File, Format Version 12.00
# Visual Studio Version 17
VisualStudioVersion = 17.0.32014.148
MinimumVisualStudioVersion = 10.0.40219.1
Project("{9A19103F-16F7-4668-BE54-9A1E7A4F7556}") = "SnapAssistForCentering", "SnapAssistForCentering\SnapAssistForCentering.csproj", "{FBB1CACC-71ED-4056-BF26-6BEA600AA838}"
EndProject
Global
	GlobalSection(SolutionConfigurationPlatforms) = preSolution
		Debug|Any CPU = Debug|Any CPU
		Release|Any CPU = Release|Any CPU
	EndGlobalSection
	GlobalSection(ProjectConfigurationPlatforms) = postSolution
		{FBB1CACC-71ED-4056-BF26-6BEA600AA838}.Debug|Any CPU.ActiveCfg = Debug|Any CPU
		{FBB1CACC-71ED-4056-BF26-6BEA600AA838}.Debug|Any CPU.Build.0 = Debug|Any CPU
		{FBB1CACC-71ED-4056-BF26-6BEA600AA838}.Release|Any CPU.ActiveCfg = Release|Any CPU
		{FBB1CACC-71ED-4056-BF26-6BEA600AA838}.Release|Any CPU.Build.0 = Release|Any CPU
	EndGlobalSection
	GlobalSection(SolutionProperties) = preSolution
		HideSolutionNode = FALSE
	EndGlobalSection
	GlobalSection(ExtensibilityGlobals) = postSolution
		SolutionGuid = {C00BCF2A-C550-4683-9E2B-0E8BE3B7D8C7}
	EndGlobalSection
EndGlobal
